// !$*UTF8*$!
{
	archiveVersion = 1;
	classes = {
	};
	objectVersion = 46;
	objects = {

/* Begin PBXBuildFile section */
		8401153E16079CE6005107FE /* UIKit.framework in Frameworks */ = {isa = PBXBuildFile; fileRef = 8401153D16079CE6005107FE /* UIKit.framework */; };
		8401154016079CE6005107FE /* Foundation.framework in Frameworks */ = {isa = PBXBuildFile; fileRef = 8401153F16079CE6005107FE /* Foundation.framework */; };
		8401154216079CE6005107FE /* CoreGraphics.framework in Frameworks */ = {isa = PBXBuildFile; fileRef = 8401154116079CE6005107FE /* CoreGraphics.framework */; };
		8401154416079CE6005107FE /* CoreData.framework in Frameworks */ = {isa = PBXBuildFile; fileRef = 8401154316079CE6005107FE /* CoreData.framework */; };
		8401154A16079CE6005107FE /* InfoPlist.strings in Resources */ = {isa = PBXBuildFile; fileRef = 8401154816079CE6005107FE /* InfoPlist.strings */; };
		8401154C16079CE6005107FE /* main.m in Sources */ = {isa = PBXBuildFile; fileRef = 8401154B16079CE6005107FE /* main.m */; };
		8401155016079CE6005107FE /* AppDelegate.m in Sources */ = {isa = PBXBuildFile; fileRef = 8401154F16079CE6005107FE /* AppDelegate.m */; };
		8401155316079CE6005107FE /* RobotGame.xcdatamodeld in Sources */ = {isa = PBXBuildFile; fileRef = 8401155116079CE6005107FE /* RobotGame.xcdatamodeld */; };
		8401155B16079DBA005107FE /* LevelViewController.m in Sources */ = {isa = PBXBuildFile; fileRef = 8401155A16079DBA005107FE /* LevelViewController.m */; };
		8401155D16079DF4005107FE /* CoreAudio.framework in Frameworks */ = {isa = PBXBuildFile; fileRef = 8401155C16079DF4005107FE /* CoreAudio.framework */; };
		8401155F16079E0E005107FE /* QuartzCore.framework in Frameworks */ = {isa = PBXBuildFile; fileRef = 8401155E16079E0E005107FE /* QuartzCore.framework */; };
		8401156116079E17005107FE /* AVFoundation.framework in Frameworks */ = {isa = PBXBuildFile; fileRef = 8401156016079E17005107FE /* AVFoundation.framework */; };
		8401156516079E72005107FE /* LevelView.m in Sources */ = {isa = PBXBuildFile; fileRef = 8401156416079E72005107FE /* LevelView.m */; };
		8401156816079EC4005107FE /* ControlView.m in Sources */ = {isa = PBXBuildFile; fileRef = 8401156716079EC3005107FE /* ControlView.m */; };
		8401156B16079F7A005107FE /* CombatView.m in Sources */ = {isa = PBXBuildFile; fileRef = 8401156A16079F79005107FE /* CombatView.m */; };
		8401156E16079FA7005107FE /* PlayerView.m in Sources */ = {isa = PBXBuildFile; fileRef = 8401156D16079FA6005107FE /* PlayerView.m */; };
		8401157116079FD8005107FE /* StatsView.m in Sources */ = {isa = PBXBuildFile; fileRef = 8401157016079FD7005107FE /* StatsView.m */; };
		840115741607A043005107FE /* ItemView.m in Sources */ = {isa = PBXBuildFile; fileRef = 840115731607A042005107FE /* ItemView.m */; };
		8401158A1607A22F005107FE /* Direction.m in Sources */ = {isa = PBXBuildFile; fileRef = 840115891607A22E005107FE /* Direction.m */; };
		840115A41607A2F7005107FE /* enter.png in Resources */ = {isa = PBXBuildFile; fileRef = 840115931607A2F7005107FE /* enter.png */; };
		840115A51607A2F7005107FE /* exit.png in Resources */ = {isa = PBXBuildFile; fileRef = 840115941607A2F7005107FE /* exit.png */; };
		840115A61607A2F7005107FE /* ehit.png in Resources */ = {isa = PBXBuildFile; fileRef = 840115951607A2F7005107FE /* ehit.png */; };
		840115A71607A2F7005107FE /* mhit.png in Resources */ = {isa = PBXBuildFile; fileRef = 840115961607A2F7005107FE /* mhit.png */; };
		840115A81607A2F7005107FE /* phit.png in Resources */ = {isa = PBXBuildFile; fileRef = 840115971607A2F7005107FE /* phit.png */; };
		840115A91607A2F7005107FE /* redfloor.png in Resources */ = {isa = PBXBuildFile; fileRef = 840115981607A2F7005107FE /* redfloor.png */; };
		840115AA1607A2F7005107FE /* floor1.png in Resources */ = {isa = PBXBuildFile; fileRef = 840115991607A2F7005107FE /* floor1.png */; };
		840115AB1607A2F7005107FE /* floor2.png in Resources */ = {isa = PBXBuildFile; fileRef = 8401159A1607A2F7005107FE /* floor2.png */; };
		840115AC1607A2F7005107FE /* floor3.png in Resources */ = {isa = PBXBuildFile; fileRef = 8401159B1607A2F7005107FE /* floor3.png */; };
		840115AD1607A2F7005107FE /* floor4.png in Resources */ = {isa = PBXBuildFile; fileRef = 8401159C1607A2F7005107FE /* floor4.png */; };
		840115AE1607A2F7005107FE /* floor5.png in Resources */ = {isa = PBXBuildFile; fileRef = 8401159D1607A2F7005107FE /* floor5.png */; };
		840115AF1607A2F7005107FE /* tinybot.png in Resources */ = {isa = PBXBuildFile; fileRef = 8401159E1607A2F7005107FE /* tinybot.png */; };
		840115B01607A2F7005107FE /* purplebot.png in Resources */ = {isa = PBXBuildFile; fileRef = 8401159F1607A2F7005107FE /* purplebot.png */; };
		840115B11607A2F7005107FE /* redbot.png in Resources */ = {isa = PBXBuildFile; fileRef = 840115A01607A2F7005107FE /* redbot.png */; };
		840115C61607AC74005107FE /* DataStore.m in Sources */ = {isa = PBXBuildFile; fileRef = 840115C51607AC74005107FE /* DataStore.m */; };
		840115E21607EF2B005107FE /* Position.m in Sources */ = {isa = PBXBuildFile; fileRef = 840115E11607EF2A005107FE /* Position.m */; };
		840115EF16092847005107FE /* WorldViewController.m in Sources */ = {isa = PBXBuildFile; fileRef = 840115EE16092844005107FE /* WorldViewController.m */; };
		84011608160BE819005107FE /* ebullet.png in Resources */ = {isa = PBXBuildFile; fileRef = 840115FF160BE814005107FE /* ebullet.png */; };
		84011609160BE819005107FE /* eleft.png in Resources */ = {isa = PBXBuildFile; fileRef = 84011600160BE815005107FE /* eleft.png */; };
		8401160A160BE819005107FE /* eright.png in Resources */ = {isa = PBXBuildFile; fileRef = 84011601160BE815005107FE /* eright.png */; };
		8401160B160BE819005107FE /* mbullet.png in Resources */ = {isa = PBXBuildFile; fileRef = 84011602160BE816005107FE /* mbullet.png */; };
		8401160C160BE819005107FE /* mleft.png in Resources */ = {isa = PBXBuildFile; fileRef = 84011603160BE816005107FE /* mleft.png */; };
		8401160D160BE819005107FE /* mright.png in Resources */ = {isa = PBXBuildFile; fileRef = 84011604160BE817005107FE /* mright.png */; };
		8401160E160BE819005107FE /* pbullet.png in Resources */ = {isa = PBXBuildFile; fileRef = 84011605160BE817005107FE /* pbullet.png */; };
		8401160F160BE819005107FE /* pleft.png in Resources */ = {isa = PBXBuildFile; fileRef = 84011606160BE818005107FE /* pleft.png */; };
		84011610160BE819005107FE /* pright.png in Resources */ = {isa = PBXBuildFile; fileRef = 84011607160BE818005107FE /* pright.png */; };
		84011619160C5194005107FE /* bluebot.png in Resources */ = {isa = PBXBuildFile; fileRef = 84011611160C516A005107FE /* bluebot.png */; };
		8401161A160C5194005107FE /* fightblue.png in Resources */ = {isa = PBXBuildFile; fileRef = 84011612160C516B005107FE /* fightblue.png */; };
		8401161B160C5194005107FE /* fightpurple.png in Resources */ = {isa = PBXBuildFile; fileRef = 84011613160C516D005107FE /* fightpurple.png */; };
		8401161C160C5194005107FE /* fightred.png in Resources */ = {isa = PBXBuildFile; fileRef = 84011614160C5171005107FE /* fightred.png */; };
		8401161D160C5194005107FE /* inventory.png in Resources */ = {isa = PBXBuildFile; fileRef = 84011615160C5176005107FE /* inventory.png */; };
		8401161E160C5194005107FE /* loadscreen.png in Resources */ = {isa = PBXBuildFile; fileRef = 84011616160C517B005107FE /* loadscreen.png */; };
		8401161F160C5194005107FE /* skills.png in Resources */ = {isa = PBXBuildFile; fileRef = 84011617160C5182005107FE /* skills.png */; };
		84011620160C5194005107FE /* stats.png in Resources */ = {isa = PBXBuildFile; fileRef = 84011618160C518A005107FE /* stats.png */; };
		84011623160C5514005107FE /* UpgradeView.m in Sources */ = {isa = PBXBuildFile; fileRef = 84011622160C5512005107FE /* UpgradeView.m */; };
		841AABBB16BD96E100EDC3C1 /* Default-568h@2x.png in Resources */ = {isa = PBXBuildFile; fileRef = 841AABBA16BD96E100EDC3C1 /* Default-568h@2x.png */; };
		841AABBF16BD989200EDC3C1 /* Level.m in Sources */ = {isa = PBXBuildFile; fileRef = 841AABBE16BD989200EDC3C1 /* Level.m */; };
		841AABC216BD989200EDC3C1 /* World.m in Sources */ = {isa = PBXBuildFile; fileRef = 841AABC116BD989200EDC3C1 /* World.m */; };
		841AABC516BD989300EDC3C1 /* Mob.m in Sources */ = {isa = PBXBuildFile; fileRef = 841AABC416BD989300EDC3C1 /* Mob.m */; };
		841AABC816BD989300EDC3C1 /* Item.m in Sources */ = {isa = PBXBuildFile; fileRef = 841AABC716BD989300EDC3C1 /* Item.m */; };
		841AABCB16BD989300EDC3C1 /* Square.m in Sources */ = {isa = PBXBuildFile; fileRef = 841AABCA16BD989300EDC3C1 /* Square.m */; };
		841AABCE16BD989300EDC3C1 /* Player.m in Sources */ = {isa = PBXBuildFile; fileRef = 841AABCD16BD989300EDC3C1 /* Player.m */; };
		841AABD116BD989300EDC3C1 /* Score.m in Sources */ = {isa = PBXBuildFile; fileRef = 841AABD016BD989300EDC3C1 /* Score.m */; };
		841AABD416BD9B4500EDC3C1 /* Mob+Methods.m in Sources */ = {isa = PBXBuildFile; fileRef = 841AABD316BD9B4500EDC3C1 /* Mob+Methods.m */; };
		841AABD716BD9C9B00EDC3C1 /* Player+Methods.m in Sources */ = {isa = PBXBuildFile; fileRef = 841AABD616BD9C9B00EDC3C1 /* Player+Methods.m */; };
		841AABDA16BD9D9B00EDC3C1 /* Item+Methods.m in Sources */ = {isa = PBXBuildFile; fileRef = 841AABD916BD9D9B00EDC3C1 /* Item+Methods.m */; };
		841AABDD16BD9E4E00EDC3C1 /* Level+Methods.m in Sources */ = {isa = PBXBuildFile; fileRef = 841AABDC16BD9E4E00EDC3C1 /* Level+Methods.m */; };
		841AABE016BD9FB900EDC3C1 /* Square+Methods.m in Sources */ = {isa = PBXBuildFile; fileRef = 841AABDF16BD9FB900EDC3C1 /* Square+Methods.m */; };
		841AABE216BDBF1400EDC3C1 /* Default@2x.png in Resources */ = {isa = PBXBuildFile; fileRef = 841AABE116BDBF1300EDC3C1 /* Default@2x.png */; };
		841AABE416BDBF9C00EDC3C1 /* bluebot.png in Resources */ = {isa = PBXBuildFile; fileRef = 841AABE316BDBF9A00EDC3C1 /* bluebot.png */; };
		842C4B741693E8130083D250 /* icon114.png in Resources */ = {isa = PBXBuildFile; fileRef = 842C4B731693E8130083D250 /* icon114.png */; };
		842C4B761693E8170083D250 /* icon57.png in Resources */ = {isa = PBXBuildFile; fileRef = 842C4B751693E8170083D250 /* icon57.png */; };
		84A9EFDC1612ADD900B2CFBD /* Parse.framework in Frameworks */ = {isa = PBXBuildFile; fileRef = 84A9EFDB1612ADD900B2CFBD /* Parse.framework */; };
		84A9EFDF1612B1BC00B2CFBD /* AudioToolbox.framework in Frameworks */ = {isa = PBXBuildFile; fileRef = 84A9EFDE1612B1BC00B2CFBD /* AudioToolbox.framework */; };
		84A9EFE11612B1C500B2CFBD /* CFNetwork.framework in Frameworks */ = {isa = PBXBuildFile; fileRef = 84A9EFE01612B1C500B2CFBD /* CFNetwork.framework */; };
		84A9EFE31612B1DB00B2CFBD /* libsqlite3.dylib in Frameworks */ = {isa = PBXBuildFile; fileRef = 84A9EFE21612B1DB00B2CFBD /* libsqlite3.dylib */; };
		84A9EFE51612B1E300B2CFBD /* libz.1.1.3.dylib in Frameworks */ = {isa = PBXBuildFile; fileRef = 84A9EFE41612B1E300B2CFBD /* libz.1.1.3.dylib */; };
		84A9EFE71612B1EB00B2CFBD /* MobileCoreServices.framework in Frameworks */ = {isa = PBXBuildFile; fileRef = 84A9EFE61612B1EB00B2CFBD /* MobileCoreServices.framework */; };
		84A9EFE91612B1F600B2CFBD /* Security.framework in Frameworks */ = {isa = PBXBuildFile; fileRef = 84A9EFE81612B1F600B2CFBD /* Security.framework */; };
		84A9EFEB1612B1FF00B2CFBD /* StoreKit.framework in Frameworks */ = {isa = PBXBuildFile; fileRef = 84A9EFEA1612B1FF00B2CFBD /* StoreKit.framework */; };
		84A9EFED1612B20900B2CFBD /* SystemConfiguration.framework in Frameworks */ = {isa = PBXBuildFile; fileRef = 84A9EFEC1612B20900B2CFBD /* SystemConfiguration.framework */; };
		84DD7DF016A271790045D92F /* zap.wav in Resources */ = {isa = PBXBuildFile; fileRef = 84DD7DEF16A271790045D92F /* zap.wav */; };
		84DD7DF216A28D2F0045D92F /* laser.wav in Resources */ = {isa = PBXBuildFile; fileRef = 84DD7DF116A28D2F0045D92F /* laser.wav */; };
		84DD7DF416A2902A0045D92F /* bang.wav in Resources */ = {isa = PBXBuildFile; fileRef = 84DD7DF316A2902A0045D92F /* bang.wav */; };
		84F0E2171693EDB6002ED18E /* Default.png in Resources */ = {isa = PBXBuildFile; fileRef = 84F0E2161693EDB6002ED18E /* Default.png */; };
/* End PBXBuildFile section */

/* Begin PBXFileReference section */
		8401153916079CE6005107FE /* RobotGame.app */ = {isa = PBXFileReference; explicitFileType = wrapper.application; includeInIndex = 0; path = RobotGame.app; sourceTree = BUILT_PRODUCTS_DIR; };
		8401153D16079CE6005107FE /* UIKit.framework */ = {isa = PBXFileReference; lastKnownFileType = wrapper.framework; name = UIKit.framework; path = System/Library/Frameworks/UIKit.framework; sourceTree = SDKROOT; };
		8401153F16079CE6005107FE /* Foundation.framework */ = {isa = PBXFileReference; lastKnownFileType = wrapper.framework; name = Foundation.framework; path = System/Library/Frameworks/Foundation.framework; sourceTree = SDKROOT; };
		8401154116079CE6005107FE /* CoreGraphics.framework */ = {isa = PBXFileReference; lastKnownFileType = wrapper.framework; name = CoreGraphics.framework; path = System/Library/Frameworks/CoreGraphics.framework; sourceTree = SDKROOT; };
		8401154316079CE6005107FE /* CoreData.framework */ = {isa = PBXFileReference; lastKnownFileType = wrapper.framework; name = CoreData.framework; path = System/Library/Frameworks/CoreData.framework; sourceTree = SDKROOT; };
		8401154716079CE6005107FE /* RobotGame-Info.plist */ = {isa = PBXFileReference; lastKnownFileType = text.plist.xml; path = "RobotGame-Info.plist"; sourceTree = "<group>"; };
		8401154916079CE6005107FE /* en */ = {isa = PBXFileReference; lastKnownFileType = text.plist.strings; name = en; path = en.lproj/InfoPlist.strings; sourceTree = "<group>"; };
		8401154B16079CE6005107FE /* main.m */ = {isa = PBXFileReference; lastKnownFileType = sourcecode.c.objc; path = main.m; sourceTree = "<group>"; };
		8401154D16079CE6005107FE /* RobotGame-Prefix.pch */ = {isa = PBXFileReference; lastKnownFileType = sourcecode.c.h; path = "RobotGame-Prefix.pch"; sourceTree = "<group>"; };
		8401154E16079CE6005107FE /* AppDelegate.h */ = {isa = PBXFileReference; lastKnownFileType = sourcecode.c.h; path = AppDelegate.h; sourceTree = "<group>"; };
		8401154F16079CE6005107FE /* AppDelegate.m */ = {isa = PBXFileReference; lastKnownFileType = sourcecode.c.objc; path = AppDelegate.m; sourceTree = "<group>"; };
		8401155216079CE6005107FE /* RobotGame.xcdatamodel */ = {isa = PBXFileReference; lastKnownFileType = wrapper.xcdatamodel; path = RobotGame.xcdatamodel; sourceTree = "<group>"; };
		8401155916079DBA005107FE /* LevelViewController.h */ = {isa = PBXFileReference; fileEncoding = 4; lastKnownFileType = sourcecode.c.h; path = LevelViewController.h; sourceTree = "<group>"; };
		8401155A16079DBA005107FE /* LevelViewController.m */ = {isa = PBXFileReference; fileEncoding = 4; lastKnownFileType = sourcecode.c.objc; path = LevelViewController.m; sourceTree = "<group>"; };
		8401155C16079DF4005107FE /* CoreAudio.framework */ = {isa = PBXFileReference; lastKnownFileType = wrapper.framework; name = CoreAudio.framework; path = System/Library/Frameworks/CoreAudio.framework; sourceTree = SDKROOT; };
		8401155E16079E0E005107FE /* QuartzCore.framework */ = {isa = PBXFileReference; lastKnownFileType = wrapper.framework; name = QuartzCore.framework; path = System/Library/Frameworks/QuartzCore.framework; sourceTree = SDKROOT; };
		8401156016079E17005107FE /* AVFoundation.framework */ = {isa = PBXFileReference; lastKnownFileType = wrapper.framework; name = AVFoundation.framework; path = System/Library/Frameworks/AVFoundation.framework; sourceTree = SDKROOT; };
		8401156316079E72005107FE /* LevelView.h */ = {isa = PBXFileReference; fileEncoding = 4; lastKnownFileType = sourcecode.c.h; path = LevelView.h; sourceTree = "<group>"; };
		8401156416079E72005107FE /* LevelView.m */ = {isa = PBXFileReference; fileEncoding = 4; lastKnownFileType = sourcecode.c.objc; path = LevelView.m; sourceTree = "<group>"; };
		8401156616079EC3005107FE /* ControlView.h */ = {isa = PBXFileReference; fileEncoding = 4; lastKnownFileType = sourcecode.c.h; path = ControlView.h; sourceTree = "<group>"; };
		8401156716079EC3005107FE /* ControlView.m */ = {isa = PBXFileReference; fileEncoding = 4; lastKnownFileType = sourcecode.c.objc; path = ControlView.m; sourceTree = "<group>"; };
		8401156916079F79005107FE /* CombatView.h */ = {isa = PBXFileReference; fileEncoding = 4; lastKnownFileType = sourcecode.c.h; path = CombatView.h; sourceTree = "<group>"; };
		8401156A16079F79005107FE /* CombatView.m */ = {isa = PBXFileReference; fileEncoding = 4; lastKnownFileType = sourcecode.c.objc; path = CombatView.m; sourceTree = "<group>"; };
		8401156C16079FA6005107FE /* PlayerView.h */ = {isa = PBXFileReference; fileEncoding = 4; lastKnownFileType = sourcecode.c.h; path = PlayerView.h; sourceTree = "<group>"; };
		8401156D16079FA6005107FE /* PlayerView.m */ = {isa = PBXFileReference; fileEncoding = 4; lastKnownFileType = sourcecode.c.objc; path = PlayerView.m; sourceTree = "<group>"; };
		8401156F16079FD7005107FE /* StatsView.h */ = {isa = PBXFileReference; fileEncoding = 4; lastKnownFileType = sourcecode.c.h; path = StatsView.h; sourceTree = "<group>"; };
		8401157016079FD7005107FE /* StatsView.m */ = {isa = PBXFileReference; fileEncoding = 4; lastKnownFileType = sourcecode.c.objc; path = StatsView.m; sourceTree = "<group>"; };
		840115721607A042005107FE /* ItemView.h */ = {isa = PBXFileReference; fileEncoding = 4; lastKnownFileType = sourcecode.c.h; path = ItemView.h; sourceTree = "<group>"; };
		840115731607A042005107FE /* ItemView.m */ = {isa = PBXFileReference; fileEncoding = 4; lastKnownFileType = sourcecode.c.objc; path = ItemView.m; sourceTree = "<group>"; };
		840115881607A22D005107FE /* Direction.h */ = {isa = PBXFileReference; fileEncoding = 4; lastKnownFileType = sourcecode.c.h; path = Direction.h; sourceTree = "<group>"; };
		840115891607A22E005107FE /* Direction.m */ = {isa = PBXFileReference; fileEncoding = 4; lastKnownFileType = sourcecode.c.objc; path = Direction.m; sourceTree = "<group>"; };
		840115931607A2F7005107FE /* enter.png */ = {isa = PBXFileReference; lastKnownFileType = image.png; path = enter.png; sourceTree = "<group>"; };
		840115941607A2F7005107FE /* exit.png */ = {isa = PBXFileReference; lastKnownFileType = image.png; path = exit.png; sourceTree = "<group>"; };
		840115951607A2F7005107FE /* ehit.png */ = {isa = PBXFileReference; lastKnownFileType = image.png; path = ehit.png; sourceTree = "<group>"; };
		840115961607A2F7005107FE /* mhit.png */ = {isa = PBXFileReference; lastKnownFileType = image.png; path = mhit.png; sourceTree = "<group>"; };
		840115971607A2F7005107FE /* phit.png */ = {isa = PBXFileReference; lastKnownFileType = image.png; path = phit.png; sourceTree = "<group>"; };
		840115981607A2F7005107FE /* redfloor.png */ = {isa = PBXFileReference; lastKnownFileType = image.png; path = redfloor.png; sourceTree = "<group>"; };
		840115991607A2F7005107FE /* floor1.png */ = {isa = PBXFileReference; lastKnownFileType = image.png; path = floor1.png; sourceTree = "<group>"; };
		8401159A1607A2F7005107FE /* floor2.png */ = {isa = PBXFileReference; lastKnownFileType = image.png; path = floor2.png; sourceTree = "<group>"; };
		8401159B1607A2F7005107FE /* floor3.png */ = {isa = PBXFileReference; lastKnownFileType = image.png; path = floor3.png; sourceTree = "<group>"; };
		8401159C1607A2F7005107FE /* floor4.png */ = {isa = PBXFileReference; lastKnownFileType = image.png; path = floor4.png; sourceTree = "<group>"; };
		8401159D1607A2F7005107FE /* floor5.png */ = {isa = PBXFileReference; lastKnownFileType = image.png; path = floor5.png; sourceTree = "<group>"; };
		8401159E1607A2F7005107FE /* tinybot.png */ = {isa = PBXFileReference; lastKnownFileType = image.png; path = tinybot.png; sourceTree = "<group>"; };
		8401159F1607A2F7005107FE /* purplebot.png */ = {isa = PBXFileReference; lastKnownFileType = image.png; path = purplebot.png; sourceTree = "<group>"; };
		840115A01607A2F7005107FE /* redbot.png */ = {isa = PBXFileReference; lastKnownFileType = image.png; path = redbot.png; sourceTree = "<group>"; };
		840115C41607AC74005107FE /* DataStore.h */ = {isa = PBXFileReference; fileEncoding = 4; lastKnownFileType = sourcecode.c.h; path = DataStore.h; sourceTree = "<group>"; };
		840115C51607AC74005107FE /* DataStore.m */ = {isa = PBXFileReference; fileEncoding = 4; lastKnownFileType = sourcecode.c.objc; path = DataStore.m; sourceTree = "<group>"; };
		840115E01607EF2A005107FE /* Position.h */ = {isa = PBXFileReference; fileEncoding = 4; lastKnownFileType = sourcecode.c.h; path = Position.h; sourceTree = "<group>"; };
		840115E11607EF2A005107FE /* Position.m */ = {isa = PBXFileReference; fileEncoding = 4; lastKnownFileType = sourcecode.c.objc; path = Position.m; sourceTree = "<group>"; };
		840115ED16092842005107FE /* WorldViewController.h */ = {isa = PBXFileReference; fileEncoding = 4; lastKnownFileType = sourcecode.c.h; path = WorldViewController.h; sourceTree = "<group>"; };
		840115EE16092844005107FE /* WorldViewController.m */ = {isa = PBXFileReference; fileEncoding = 4; lastKnownFileType = sourcecode.c.objc; path = WorldViewController.m; sourceTree = "<group>"; };
		840115FF160BE814005107FE /* ebullet.png */ = {isa = PBXFileReference; lastKnownFileType = image.png; path = ebullet.png; sourceTree = "<group>"; };
		84011600160BE815005107FE /* eleft.png */ = {isa = PBXFileReference; lastKnownFileType = image.png; path = eleft.png; sourceTree = "<group>"; };
		84011601160BE815005107FE /* eright.png */ = {isa = PBXFileReference; lastKnownFileType = image.png; path = eright.png; sourceTree = "<group>"; };
		84011602160BE816005107FE /* mbullet.png */ = {isa = PBXFileReference; lastKnownFileType = image.png; path = mbullet.png; sourceTree = "<group>"; };
		84011603160BE816005107FE /* mleft.png */ = {isa = PBXFileReference; lastKnownFileType = image.png; path = mleft.png; sourceTree = "<group>"; };
		84011604160BE817005107FE /* mright.png */ = {isa = PBXFileReference; lastKnownFileType = image.png; path = mright.png; sourceTree = "<group>"; };
		84011605160BE817005107FE /* pbullet.png */ = {isa = PBXFileReference; lastKnownFileType = image.png; path = pbullet.png; sourceTree = "<group>"; };
		84011606160BE818005107FE /* pleft.png */ = {isa = PBXFileReference; lastKnownFileType = image.png; path = pleft.png; sourceTree = "<group>"; };
		84011607160BE818005107FE /* pright.png */ = {isa = PBXFileReference; lastKnownFileType = image.png; path = pright.png; sourceTree = "<group>"; };
		84011611160C516A005107FE /* bluebot.png */ = {isa = PBXFileReference; lastKnownFileType = image.png; path = bluebot.png; sourceTree = "<group>"; };
		84011612160C516B005107FE /* fightblue.png */ = {isa = PBXFileReference; lastKnownFileType = image.png; path = fightblue.png; sourceTree = "<group>"; };
		84011613160C516D005107FE /* fightpurple.png */ = {isa = PBXFileReference; lastKnownFileType = image.png; path = fightpurple.png; sourceTree = "<group>"; };
		84011614160C5171005107FE /* fightred.png */ = {isa = PBXFileReference; lastKnownFileType = image.png; path = fightred.png; sourceTree = "<group>"; };
		84011615160C5176005107FE /* inventory.png */ = {isa = PBXFileReference; lastKnownFileType = image.png; path = inventory.png; sourceTree = "<group>"; };
		84011616160C517B005107FE /* loadscreen.png */ = {isa = PBXFileReference; lastKnownFileType = image.png; path = loadscreen.png; sourceTree = "<group>"; };
		84011617160C5182005107FE /* skills.png */ = {isa = PBXFileReference; lastKnownFileType = image.png; path = skills.png; sourceTree = "<group>"; };
		84011618160C518A005107FE /* stats.png */ = {isa = PBXFileReference; lastKnownFileType = image.png; path = stats.png; sourceTree = "<group>"; };
		84011621160C5510005107FE /* UpgradeView.h */ = {isa = PBXFileReference; fileEncoding = 4; lastKnownFileType = sourcecode.c.h; path = UpgradeView.h; sourceTree = "<group>"; };
		84011622160C5512005107FE /* UpgradeView.m */ = {isa = PBXFileReference; fileEncoding = 4; lastKnownFileType = sourcecode.c.objc; path = UpgradeView.m; sourceTree = "<group>"; };
		841AABBA16BD96E100EDC3C1 /* Default-568h@2x.png */ = {isa = PBXFileReference; lastKnownFileType = image.png; name = "Default-568h@2x.png"; path = "../Default-568h@2x.png"; sourceTree = "<group>"; };
		841AABBD16BD989200EDC3C1 /* Level.h */ = {isa = PBXFileReference; fileEncoding = 4; lastKnownFileType = sourcecode.c.h; name = Level.h; path = ../Level.h; sourceTree = "<group>"; };
		841AABBE16BD989200EDC3C1 /* Level.m */ = {isa = PBXFileReference; fileEncoding = 4; lastKnownFileType = sourcecode.c.objc; name = Level.m; path = ../Level.m; sourceTree = "<group>"; };
		841AABC016BD989200EDC3C1 /* World.h */ = {isa = PBXFileReference; fileEncoding = 4; lastKnownFileType = sourcecode.c.h; name = World.h; path = ../World.h; sourceTree = "<group>"; };
		841AABC116BD989200EDC3C1 /* World.m */ = {isa = PBXFileReference; fileEncoding = 4; lastKnownFileType = sourcecode.c.objc; name = World.m; path = ../World.m; sourceTree = "<group>"; };
		841AABC316BD989300EDC3C1 /* Mob.h */ = {isa = PBXFileReference; fileEncoding = 4; lastKnownFileType = sourcecode.c.h; name = Mob.h; path = ../Mob.h; sourceTree = "<group>"; };
		841AABC416BD989300EDC3C1 /* Mob.m */ = {isa = PBXFileReference; fileEncoding = 4; lastKnownFileType = sourcecode.c.objc; name = Mob.m; path = ../Mob.m; sourceTree = "<group>"; };
		841AABC616BD989300EDC3C1 /* Item.h */ = {isa = PBXFileReference; fileEncoding = 4; lastKnownFileType = sourcecode.c.h; name = Item.h; path = ../Item.h; sourceTree = "<group>"; };
		841AABC716BD989300EDC3C1 /* Item.m */ = {isa = PBXFileReference; fileEncoding = 4; lastKnownFileType = sourcecode.c.objc; name = Item.m; path = ../Item.m; sourceTree = "<group>"; };
		841AABC916BD989300EDC3C1 /* Square.h */ = {isa = PBXFileReference; fileEncoding = 4; lastKnownFileType = sourcecode.c.h; name = Square.h; path = ../Square.h; sourceTree = "<group>"; };
		841AABCA16BD989300EDC3C1 /* Square.m */ = {isa = PBXFileReference; fileEncoding = 4; lastKnownFileType = sourcecode.c.objc; name = Square.m; path = ../Square.m; sourceTree = "<group>"; };
		841AABCC16BD989300EDC3C1 /* Player.h */ = {isa = PBXFileReference; fileEncoding = 4; lastKnownFileType = sourcecode.c.h; name = Player.h; path = ../Player.h; sourceTree = "<group>"; };
		841AABCD16BD989300EDC3C1 /* Player.m */ = {isa = PBXFileReference; fileEncoding = 4; lastKnownFileType = sourcecode.c.objc; name = Player.m; path = ../Player.m; sourceTree = "<group>"; };
		841AABCF16BD989300EDC3C1 /* Score.h */ = {isa = PBXFileReference; fileEncoding = 4; lastKnownFileType = sourcecode.c.h; name = Score.h; path = ../Score.h; sourceTree = "<group>"; };
		841AABD016BD989300EDC3C1 /* Score.m */ = {isa = PBXFileReference; fileEncoding = 4; lastKnownFileType = sourcecode.c.objc; name = Score.m; path = ../Score.m; sourceTree = "<group>"; };
		841AABD216BD9B4500EDC3C1 /* Mob+Methods.h */ = {isa = PBXFileReference; fileEncoding = 4; lastKnownFileType = sourcecode.c.h; path = "Mob+Methods.h"; sourceTree = "<group>"; };
		841AABD316BD9B4500EDC3C1 /* Mob+Methods.m */ = {isa = PBXFileReference; fileEncoding = 4; lastKnownFileType = sourcecode.c.objc; path = "Mob+Methods.m"; sourceTree = "<group>"; };
		841AABD516BD9C9B00EDC3C1 /* Player+Methods.h */ = {isa = PBXFileReference; fileEncoding = 4; lastKnownFileType = sourcecode.c.h; path = "Player+Methods.h"; sourceTree = "<group>"; };
		841AABD616BD9C9B00EDC3C1 /* Player+Methods.m */ = {isa = PBXFileReference; fileEncoding = 4; lastKnownFileType = sourcecode.c.objc; path = "Player+Methods.m"; sourceTree = "<group>"; };
		841AABD816BD9D9B00EDC3C1 /* Item+Methods.h */ = {isa = PBXFileReference; fileEncoding = 4; lastKnownFileType = sourcecode.c.h; path = "Item+Methods.h"; sourceTree = "<group>"; };
		841AABD916BD9D9B00EDC3C1 /* Item+Methods.m */ = {isa = PBXFileReference; fileEncoding = 4; lastKnownFileType = sourcecode.c.objc; path = "Item+Methods.m"; sourceTree = "<group>"; };
		841AABDB16BD9E4E00EDC3C1 /* Level+Methods.h */ = {isa = PBXFileReference; fileEncoding = 4; lastKnownFileType = sourcecode.c.h; path = "Level+Methods.h"; sourceTree = "<group>"; };
		841AABDC16BD9E4E00EDC3C1 /* Level+Methods.m */ = {isa = PBXFileReference; fileEncoding = 4; lastKnownFileType = sourcecode.c.objc; path = "Level+Methods.m"; sourceTree = "<group>"; };
		841AABDE16BD9FB900EDC3C1 /* Square+Methods.h */ = {isa = PBXFileReference; fileEncoding = 4; lastKnownFileType = sourcecode.c.h; path = "Square+Methods.h"; sourceTree = "<group>"; };
		841AABDF16BD9FB900EDC3C1 /* Square+Methods.m */ = {isa = PBXFileReference; fileEncoding = 4; lastKnownFileType = sourcecode.c.objc; path = "Square+Methods.m"; sourceTree = "<group>"; };
		841AABE116BDBF1300EDC3C1 /* Default@2x.png */ = {isa = PBXFileReference; lastKnownFileType = image.png; name = "Default@2x.png"; path = "../Default@2x.png"; sourceTree = "<group>"; };
		841AABE316BDBF9A00EDC3C1 /* bluebot.png */ = {isa = PBXFileReference; lastKnownFileType = image.png; path = bluebot.png; sourceTree = "<group>"; };
		842C4B731693E8130083D250 /* icon114.png */ = {isa = PBXFileReference; lastKnownFileType = image.png; name = icon114.png; path = ../icon114.png; sourceTree = "<group>"; };
		842C4B751693E8170083D250 /* icon57.png */ = {isa = PBXFileReference; lastKnownFileType = image.png; name = icon57.png; path = ../icon57.png; sourceTree = "<group>"; };
		84A9EFDB1612ADD900B2CFBD /* Parse.framework */ = {isa = PBXFileReference; lastKnownFileType = wrapper.framework; path = Parse.framework; sourceTree = "<group>"; };
		84A9EFDE1612B1BC00B2CFBD /* AudioToolbox.framework */ = {isa = PBXFileReference; lastKnownFileType = wrapper.framework; name = AudioToolbox.framework; path = System/Library/Frameworks/AudioToolbox.framework; sourceTree = SDKROOT; };
		84A9EFE01612B1C500B2CFBD /* CFNetwork.framework */ = {isa = PBXFileReference; lastKnownFileType = wrapper.framework; name = CFNetwork.framework; path = System/Library/Frameworks/CFNetwork.framework; sourceTree = SDKROOT; };
		84A9EFE21612B1DB00B2CFBD /* libsqlite3.dylib */ = {isa = PBXFileReference; lastKnownFileType = "compiled.mach-o.dylib"; name = libsqlite3.dylib; path = usr/lib/libsqlite3.dylib; sourceTree = SDKROOT; };
		84A9EFE41612B1E300B2CFBD /* libz.1.1.3.dylib */ = {isa = PBXFileReference; lastKnownFileType = "compiled.mach-o.dylib"; name = libz.1.1.3.dylib; path = usr/lib/libz.1.1.3.dylib; sourceTree = SDKROOT; };
		84A9EFE61612B1EB00B2CFBD /* MobileCoreServices.framework */ = {isa = PBXFileReference; lastKnownFileType = wrapper.framework; name = MobileCoreServices.framework; path = System/Library/Frameworks/MobileCoreServices.framework; sourceTree = SDKROOT; };
		84A9EFE81612B1F600B2CFBD /* Security.framework */ = {isa = PBXFileReference; lastKnownFileType = wrapper.framework; name = Security.framework; path = System/Library/Frameworks/Security.framework; sourceTree = SDKROOT; };
		84A9EFEA1612B1FF00B2CFBD /* StoreKit.framework */ = {isa = PBXFileReference; lastKnownFileType = wrapper.framework; name = StoreKit.framework; path = System/Library/Frameworks/StoreKit.framework; sourceTree = SDKROOT; };
		84A9EFEC1612B20900B2CFBD /* SystemConfiguration.framework */ = {isa = PBXFileReference; lastKnownFileType = wrapper.framework; name = SystemConfiguration.framework; path = System/Library/Frameworks/SystemConfiguration.framework; sourceTree = SDKROOT; };
		84DD7DEF16A271790045D92F /* zap.wav */ = {isa = PBXFileReference; lastKnownFileType = audio.wav; path = zap.wav; sourceTree = "<group>"; };
		84DD7DF116A28D2F0045D92F /* laser.wav */ = {isa = PBXFileReference; lastKnownFileType = audio.wav; path = laser.wav; sourceTree = "<group>"; };
		84DD7DF316A2902A0045D92F /* bang.wav */ = {isa = PBXFileReference; lastKnownFileType = audio.wav; path = bang.wav; sourceTree = "<group>"; };
		84F0E2161693EDB6002ED18E /* Default.png */ = {isa = PBXFileReference; lastKnownFileType = image.png; name = Default.png; path = ../Default.png; sourceTree = "<group>"; };
/* End PBXFileReference section */

/* Begin PBXFrameworksBuildPhase section */
		8401153616079CE6005107FE /* Frameworks */ = {
			isa = PBXFrameworksBuildPhase;
			buildActionMask = 2147483647;
			files = (
				84A9EFED1612B20900B2CFBD /* SystemConfiguration.framework in Frameworks */,
				84A9EFEB1612B1FF00B2CFBD /* StoreKit.framework in Frameworks */,
				84A9EFE91612B1F600B2CFBD /* Security.framework in Frameworks */,
				84A9EFE71612B1EB00B2CFBD /* MobileCoreServices.framework in Frameworks */,
				84A9EFE51612B1E300B2CFBD /* libz.1.1.3.dylib in Frameworks */,
				84A9EFE31612B1DB00B2CFBD /* libsqlite3.dylib in Frameworks */,
				8401154216079CE6005107FE /* CoreGraphics.framework in Frameworks */,
				84A9EFE11612B1C500B2CFBD /* CFNetwork.framework in Frameworks */,
				84A9EFDF1612B1BC00B2CFBD /* AudioToolbox.framework in Frameworks */,
				8401156116079E17005107FE /* AVFoundation.framework in Frameworks */,
				8401155F16079E0E005107FE /* QuartzCore.framework in Frameworks */,
				8401155D16079DF4005107FE /* CoreAudio.framework in Frameworks */,
				8401153E16079CE6005107FE /* UIKit.framework in Frameworks */,
				8401154016079CE6005107FE /* Foundation.framework in Frameworks */,
				8401154416079CE6005107FE /* CoreData.framework in Frameworks */,
				84A9EFDC1612ADD900B2CFBD /* Parse.framework in Frameworks */,
			);
			runOnlyForDeploymentPostprocessing = 0;
		};
/* End PBXFrameworksBuildPhase section */

/* Begin PBXGroup section */
		8401152E16079CE6005107FE = {
			isa = PBXGroup;
			children = (
				8401154516079CE6005107FE /* RobotGame */,
				8401153C16079CE6005107FE /* Frameworks */,
				8401153A16079CE6005107FE /* Products */,
			);
			sourceTree = "<group>";
		};
		8401153A16079CE6005107FE /* Products */ = {
			isa = PBXGroup;
			children = (
				8401153916079CE6005107FE /* RobotGame.app */,
			);
			name = Products;
			sourceTree = "<group>";
		};
		8401153C16079CE6005107FE /* Frameworks */ = {
			isa = PBXGroup;
			children = (
				84A9EFEC1612B20900B2CFBD /* SystemConfiguration.framework */,
				84A9EFEA1612B1FF00B2CFBD /* StoreKit.framework */,
				84A9EFE81612B1F600B2CFBD /* Security.framework */,
				84A9EFE61612B1EB00B2CFBD /* MobileCoreServices.framework */,
				84A9EFE41612B1E300B2CFBD /* libz.1.1.3.dylib */,
				84A9EFE21612B1DB00B2CFBD /* libsqlite3.dylib */,
				84A9EFE01612B1C500B2CFBD /* CFNetwork.framework */,
				84A9EFDE1612B1BC00B2CFBD /* AudioToolbox.framework */,
				84A9EFDB1612ADD900B2CFBD /* Parse.framework */,
				8401156016079E17005107FE /* AVFoundation.framework */,
				8401155E16079E0E005107FE /* QuartzCore.framework */,
				8401155C16079DF4005107FE /* CoreAudio.framework */,
				8401153D16079CE6005107FE /* UIKit.framework */,
				8401153F16079CE6005107FE /* Foundation.framework */,
				8401154116079CE6005107FE /* CoreGraphics.framework */,
				8401154316079CE6005107FE /* CoreData.framework */,
			);
			name = Frameworks;
			sourceTree = "<group>";
		};
		8401154516079CE6005107FE /* RobotGame */ = {
			isa = PBXGroup;
			children = (
				8401154E16079CE6005107FE /* AppDelegate.h */,
				8401154F16079CE6005107FE /* AppDelegate.m */,
				8401155116079CE6005107FE /* RobotGame.xcdatamodeld */,
				840115BC1607AA90005107FE /* CoreData */,
				840115921607A2E1005107FE /* Images */,
				8401158B1607A2AF005107FE /* Audio */,
				840115FB16094ED3005107FE /* Controllers */,
				8401156216079E5B005107FE /* Views */,
				840115781607A0A5005107FE /* Models */,
				8401154616079CE6005107FE /* Supporting Files */,
			);
			path = RobotGame;
			sourceTree = "<group>";
		};
		8401154616079CE6005107FE /* Supporting Files */ = {
			isa = PBXGroup;
			children = (
				8401154716079CE6005107FE /* RobotGame-Info.plist */,
				8401154816079CE6005107FE /* InfoPlist.strings */,
				8401154B16079CE6005107FE /* main.m */,
				8401154D16079CE6005107FE /* RobotGame-Prefix.pch */,
			);
			name = "Supporting Files";
			sourceTree = "<group>";
		};
		8401156216079E5B005107FE /* Views */ = {
			isa = PBXGroup;
			children = (
				8401156316079E72005107FE /* LevelView.h */,
				8401156416079E72005107FE /* LevelView.m */,
				8401156616079EC3005107FE /* ControlView.h */,
				8401156716079EC3005107FE /* ControlView.m */,
				8401156916079F79005107FE /* CombatView.h */,
				8401156A16079F79005107FE /* CombatView.m */,
				8401156C16079FA6005107FE /* PlayerView.h */,
				8401156D16079FA6005107FE /* PlayerView.m */,
				8401156F16079FD7005107FE /* StatsView.h */,
				8401157016079FD7005107FE /* StatsView.m */,
				84011621160C5510005107FE /* UpgradeView.h */,
				84011622160C5512005107FE /* UpgradeView.m */,
				840115721607A042005107FE /* ItemView.h */,
				840115731607A042005107FE /* ItemView.m */,
			);
			name = Views;
			sourceTree = "<group>";
		};
		840115781607A0A5005107FE /* Models */ = {
			isa = PBXGroup;
			children = (
				840115E01607EF2A005107FE /* Position.h */,
				840115E11607EF2A005107FE /* Position.m */,
				840115881607A22D005107FE /* Direction.h */,
				840115891607A22E005107FE /* Direction.m */,
				841AABD216BD9B4500EDC3C1 /* Mob+Methods.h */,
				841AABD316BD9B4500EDC3C1 /* Mob+Methods.m */,
				841AABD516BD9C9B00EDC3C1 /* Player+Methods.h */,
				841AABD616BD9C9B00EDC3C1 /* Player+Methods.m */,
				841AABD816BD9D9B00EDC3C1 /* Item+Methods.h */,
				841AABD916BD9D9B00EDC3C1 /* Item+Methods.m */,
				841AABDB16BD9E4E00EDC3C1 /* Level+Methods.h */,
				841AABDC16BD9E4E00EDC3C1 /* Level+Methods.m */,
				841AABDE16BD9FB900EDC3C1 /* Square+Methods.h */,
				841AABDF16BD9FB900EDC3C1 /* Square+Methods.m */,
			);
			name = Models;
			sourceTree = "<group>";
		};
		8401158B1607A2AF005107FE /* Audio */ = {
			isa = PBXGroup;
			children = (
				84DD7DF316A2902A0045D92F /* bang.wav */,
				84DD7DF116A28D2F0045D92F /* laser.wav */,
				84DD7DEF16A271790045D92F /* zap.wav */,
			);
			name = Audio;
			sourceTree = "<group>";
		};
		840115921607A2E1005107FE /* Images */ = {
			isa = PBXGroup;
			children = (
				841AABBA16BD96E100EDC3C1 /* Default-568h@2x.png */,
				841AABE116BDBF1300EDC3C1 /* Default@2x.png */,
				84F0E2161693EDB6002ED18E /* Default.png */,
				842C4B751693E8170083D250 /* icon57.png */,
				842C4B731693E8130083D250 /* icon114.png */,
				84011615160C5176005107FE /* inventory.png */,
				84011616160C517B005107FE /* loadscreen.png */,
				84011618160C518A005107FE /* stats.png */,
				840115931607A2F7005107FE /* enter.png */,
				84011617160C5182005107FE /* skills.png */,
				840115941607A2F7005107FE /* exit.png */,
				840115951607A2F7005107FE /* ehit.png */,
				840115961607A2F7005107FE /* mhit.png */,
				840115971607A2F7005107FE /* phit.png */,
				84011612160C516B005107FE /* fightblue.png */,
				84011613160C516D005107FE /* fightpurple.png */,
				84011614160C5171005107FE /* fightred.png */,
				840115FF160BE814005107FE /* ebullet.png */,
				84011600160BE815005107FE /* eleft.png */,
				84011601160BE815005107FE /* eright.png */,
				84011602160BE816005107FE /* mbullet.png */,
				84011603160BE816005107FE /* mleft.png */,
				84011604160BE817005107FE /* mright.png */,
				84011605160BE817005107FE /* pbullet.png */,
				84011606160BE818005107FE /* pleft.png */,
				84011607160BE818005107FE /* pright.png */,
				840115981607A2F7005107FE /* redfloor.png */,
				840115991607A2F7005107FE /* floor1.png */,
				8401159A1607A2F7005107FE /* floor2.png */,
				8401159B1607A2F7005107FE /* floor3.png */,
				8401159C1607A2F7005107FE /* floor4.png */,
				8401159D1607A2F7005107FE /* floor5.png */,
				8401159E1607A2F7005107FE /* tinybot.png */,
				84011611160C516A005107FE /* bluebot.png */,
				841AABE316BDBF9A00EDC3C1 /* bluebot.png */,
				8401159F1607A2F7005107FE /* purplebot.png */,
				840115A01607A2F7005107FE /* redbot.png */,
			);
			name = Images;
			sourceTree = "<group>";
		};
		840115BC1607AA90005107FE /* CoreData */ = {
			isa = PBXGroup;
			children = (
				840115C41607AC74005107FE /* DataStore.h */,
				840115C51607AC74005107FE /* DataStore.m */,
				841AABCF16BD989300EDC3C1 /* Score.h */,
				841AABD016BD989300EDC3C1 /* Score.m */,
				841AABCC16BD989300EDC3C1 /* Player.h */,
				841AABCD16BD989300EDC3C1 /* Player.m */,
				841AABC916BD989300EDC3C1 /* Square.h */,
				841AABCA16BD989300EDC3C1 /* Square.m */,
				841AABC616BD989300EDC3C1 /* Item.h */,
				841AABC716BD989300EDC3C1 /* Item.m */,
				841AABC316BD989300EDC3C1 /* Mob.h */,
				841AABC416BD989300EDC3C1 /* Mob.m */,
				841AABC016BD989200EDC3C1 /* World.h */,
				841AABC116BD989200EDC3C1 /* World.m */,
				841AABBD16BD989200EDC3C1 /* Level.h */,
				841AABBE16BD989200EDC3C1 /* Level.m */,
			);
			name = CoreData;
			sourceTree = "<group>";
		};
		840115FB16094ED3005107FE /* Controllers */ = {
			isa = PBXGroup;
			children = (
				8401155916079DBA005107FE /* LevelViewController.h */,
				8401155A16079DBA005107FE /* LevelViewController.m */,
				840115ED16092842005107FE /* WorldViewController.h */,
				840115EE16092844005107FE /* WorldViewController.m */,
			);
			name = Controllers;
			sourceTree = "<group>";
		};
/* End PBXGroup section */

/* Begin PBXNativeTarget section */
		8401153816079CE6005107FE /* RobotGame */ = {
			isa = PBXNativeTarget;
			buildConfigurationList = 8401155616079CE6005107FE /* Build configuration list for PBXNativeTarget "RobotGame" */;
			buildPhases = (
				8401153516079CE6005107FE /* Sources */,
				8401153616079CE6005107FE /* Frameworks */,
				8401153716079CE6005107FE /* Resources */,
			);
			buildRules = (
			);
			dependencies = (
			);
			name = RobotGame;
			productName = RobotGame;
			productReference = 8401153916079CE6005107FE /* RobotGame.app */;
			productType = "com.apple.product-type.application";
		};
/* End PBXNativeTarget section */

/* Begin PBXProject section */
		8401153016079CE6005107FE /* Project object */ = {
			isa = PBXProject;
			attributes = {
				LastUpgradeCheck = 0440;
				ORGANIZATIONNAME = "Diana Zmuda";
			};
			buildConfigurationList = 8401153316079CE6005107FE /* Build configuration list for PBXProject "RobotGame" */;
			compatibilityVersion = "Xcode 3.2";
			developmentRegion = English;
			hasScannedForEncodings = 0;
			knownRegions = (
				en,
			);
			mainGroup = 8401152E16079CE6005107FE;
			productRefGroup = 8401153A16079CE6005107FE /* Products */;
			projectDirPath = "";
			projectRoot = "";
			targets = (
				8401153816079CE6005107FE /* RobotGame */,
			);
		};
/* End PBXProject section */

/* Begin PBXResourcesBuildPhase section */
		8401153716079CE6005107FE /* Resources */ = {
			isa = PBXResourcesBuildPhase;
			buildActionMask = 2147483647;
			files = (
				8401154A16079CE6005107FE /* InfoPlist.strings in Resources */,
				840115A41607A2F7005107FE /* enter.png in Resources */,
				840115A51607A2F7005107FE /* exit.png in Resources */,
				840115A61607A2F7005107FE /* ehit.png in Resources */,
				840115A71607A2F7005107FE /* mhit.png in Resources */,
				840115A81607A2F7005107FE /* phit.png in Resources */,
				840115A91607A2F7005107FE /* redfloor.png in Resources */,
				840115AA1607A2F7005107FE /* floor1.png in Resources */,
				840115AB1607A2F7005107FE /* floor2.png in Resources */,
				840115AC1607A2F7005107FE /* floor3.png in Resources */,
				840115AD1607A2F7005107FE /* floor4.png in Resources */,
				840115AE1607A2F7005107FE /* floor5.png in Resources */,
				840115AF1607A2F7005107FE /* tinybot.png in Resources */,
				840115B01607A2F7005107FE /* purplebot.png in Resources */,
				840115B11607A2F7005107FE /* redbot.png in Resources */,
				84011608160BE819005107FE /* ebullet.png in Resources */,
				84011609160BE819005107FE /* eleft.png in Resources */,
				8401160A160BE819005107FE /* eright.png in Resources */,
				8401160B160BE819005107FE /* mbullet.png in Resources */,
				8401160C160BE819005107FE /* mleft.png in Resources */,
				8401160D160BE819005107FE /* mright.png in Resources */,
				8401160E160BE819005107FE /* pbullet.png in Resources */,
				8401160F160BE819005107FE /* pleft.png in Resources */,
				84011610160BE819005107FE /* pright.png in Resources */,
				84011619160C5194005107FE /* bluebot.png in Resources */,
				8401161A160C5194005107FE /* fightblue.png in Resources */,
				8401161B160C5194005107FE /* fightpurple.png in Resources */,
				8401161C160C5194005107FE /* fightred.png in Resources */,
				8401161D160C5194005107FE /* inventory.png in Resources */,
				8401161E160C5194005107FE /* loadscreen.png in Resources */,
				8401161F160C5194005107FE /* skills.png in Resources */,
				84011620160C5194005107FE /* stats.png in Resources */,
				842C4B741693E8130083D250 /* icon114.png in Resources */,
				842C4B761693E8170083D250 /* icon57.png in Resources */,
				84F0E2171693EDB6002ED18E /* Default.png in Resources */,
				84DD7DF016A271790045D92F /* zap.wav in Resources */,
				84DD7DF216A28D2F0045D92F /* laser.wav in Resources */,
				84DD7DF416A2902A0045D92F /* bang.wav in Resources */,
				841AABBB16BD96E100EDC3C1 /* Default-568h@2x.png in Resources */,
				841AABE216BDBF1400EDC3C1 /* Default@2x.png in Resources */,
				841AABE416BDBF9C00EDC3C1 /* bluebot.png in Resources */,
			);
			runOnlyForDeploymentPostprocessing = 0;
		};
/* End PBXResourcesBuildPhase section */

/* Begin PBXSourcesBuildPhase section */
		8401153516079CE6005107FE /* Sources */ = {
			isa = PBXSourcesBuildPhase;
			buildActionMask = 2147483647;
			files = (
				8401154C16079CE6005107FE /* main.m in Sources */,
				8401155016079CE6005107FE /* AppDelegate.m in Sources */,
				8401155316079CE6005107FE /* RobotGame.xcdatamodeld in Sources */,
				8401155B16079DBA005107FE /* LevelViewController.m in Sources */,
				8401156516079E72005107FE /* LevelView.m in Sources */,
				8401156816079EC4005107FE /* ControlView.m in Sources */,
				8401156B16079F7A005107FE /* CombatView.m in Sources */,
				8401156E16079FA7005107FE /* PlayerView.m in Sources */,
				8401157116079FD8005107FE /* StatsView.m in Sources */,
				840115741607A043005107FE /* ItemView.m in Sources */,
				8401158A1607A22F005107FE /* Direction.m in Sources */,
				840115C61607AC74005107FE /* DataStore.m in Sources */,
				840115E21607EF2B005107FE /* Position.m in Sources */,
				840115EF16092847005107FE /* WorldViewController.m in Sources */,
				84011623160C5514005107FE /* UpgradeView.m in Sources */,
				841AABBF16BD989200EDC3C1 /* Level.m in Sources */,
				841AABC216BD989200EDC3C1 /* World.m in Sources */,
				841AABC516BD989300EDC3C1 /* Mob.m in Sources */,
				841AABC816BD989300EDC3C1 /* Item.m in Sources */,
				841AABCB16BD989300EDC3C1 /* Square.m in Sources */,
				841AABCE16BD989300EDC3C1 /* Player.m in Sources */,
				841AABD116BD989300EDC3C1 /* Score.m in Sources */,
				841AABD416BD9B4500EDC3C1 /* Mob+Methods.m in Sources */,
				841AABD716BD9C9B00EDC3C1 /* Player+Methods.m in Sources */,
				841AABDA16BD9D9B00EDC3C1 /* Item+Methods.m in Sources */,
				841AABDD16BD9E4E00EDC3C1 /* Level+Methods.m in Sources */,
				841AABE016BD9FB900EDC3C1 /* Square+Methods.m in Sources */,
			);
			runOnlyForDeploymentPostprocessing = 0;
		};
/* End PBXSourcesBuildPhase section */

/* Begin PBXVariantGroup section */
		8401154816079CE6005107FE /* InfoPlist.strings */ = {
			isa = PBXVariantGroup;
			children = (
				8401154916079CE6005107FE /* en */,
			);
			name = InfoPlist.strings;
			sourceTree = "<group>";
		};
/* End PBXVariantGroup section */

/* Begin XCBuildConfiguration section */
		8401155416079CE6005107FE /* Debug */ = {
			isa = XCBuildConfiguration;
			buildSettings = {
				ALWAYS_SEARCH_USER_PATHS = NO;
				ARCHS = "$(ARCHS_STANDARD_32_BIT)";
				CLANG_CXX_LANGUAGE_STANDARD = "gnu++0x";
				CLANG_ENABLE_OBJC_ARC = YES;
				CLANG_WARN__DUPLICATE_METHOD_MATCH = YES;
				CODE_SIGN_IDENTITY = "iPhone Developer: Diana Zmuda (Q555XHGYQC)";
				"CODE_SIGN_IDENTITY[sdk=iphoneos*]" = "iPhone Developer: Diana Zmuda (Q555XHGYQC)";
				COPY_PHASE_STRIP = NO;
				GCC_C_LANGUAGE_STANDARD = gnu99;
				GCC_DYNAMIC_NO_PIC = NO;
				GCC_OPTIMIZATION_LEVEL = 0;
				GCC_PREPROCESSOR_DEFINITIONS = (
					"DEBUG=1",
					"$(inherited)",
				);
				GCC_SYMBOLS_PRIVATE_EXTERN = NO;
				GCC_VERSION = com.apple.compilers.llvm.clang.1_0;
				GCC_WARN_ABOUT_RETURN_TYPE = YES;
				GCC_WARN_UNINITIALIZED_AUTOS = YES;
				GCC_WARN_UNUSED_VARIABLE = YES;
				IPHONEOS_DEPLOYMENT_TARGET = 5.1;
				PROVISIONING_PROFILE = "81977489-1DD3-4DF4-8677-6E93B2AF543F";
				"PROVISIONING_PROFILE[sdk=iphoneos*]" = "81977489-1DD3-4DF4-8677-6E93B2AF543F";
				SDKROOT = iphoneos;
			};
			name = Debug;
		};
		8401155516079CE6005107FE /* Release */ = {
			isa = XCBuildConfiguration;
			buildSettings = {
				ALWAYS_SEARCH_USER_PATHS = NO;
				ARCHS = "$(ARCHS_STANDARD_32_BIT)";
				CLANG_CXX_LANGUAGE_STANDARD = "gnu++0x";
				CLANG_ENABLE_OBJC_ARC = YES;
				CLANG_WARN__DUPLICATE_METHOD_MATCH = YES;
				CODE_SIGN_IDENTITY = "iPhone Distribution: Diana Zmuda";
				"CODE_SIGN_IDENTITY[sdk=iphoneos*]" = "iPhone Distribution: Diana Zmuda";
				COPY_PHASE_STRIP = YES;
				GCC_C_LANGUAGE_STANDARD = gnu99;
				GCC_VERSION = com.apple.compilers.llvm.clang.1_0;
				GCC_WARN_ABOUT_RETURN_TYPE = YES;
				GCC_WARN_UNINITIALIZED_AUTOS = YES;
				GCC_WARN_UNUSED_VARIABLE = YES;
				IPHONEOS_DEPLOYMENT_TARGET = 5.1;
				OTHER_CFLAGS = "-DNS_BLOCK_ASSERTIONS=1";
				PROVISIONING_PROFILE = "651A6C2F-0C22-42EA-A64D-9D761C4B92B2";
				"PROVISIONING_PROFILE[sdk=iphoneos*]" = "651A6C2F-0C22-42EA-A64D-9D761C4B92B2";
				SDKROOT = iphoneos;
				VALIDATE_PRODUCT = YES;
			};
			name = Release;
		};
		8401155716079CE6005107FE /* Debug */ = {
			isa = XCBuildConfiguration;
			buildSettings = {
				FRAMEWORK_SEARCH_PATHS = (
					"$(inherited)",
					"\"$(SRCROOT)\"",
				);
				GCC_PRECOMPILE_PREFIX_HEADER = YES;
				GCC_PREFIX_HEADER = "RobotGame/RobotGame-Prefix.pch";
				INFOPLIST_FILE = "RobotGame/RobotGame-Info.plist";
				PRODUCT_NAME = "$(TARGET_NAME)";
				WRAPPER_EXTENSION = app;
			};
			name = Debug;
		};
		8401155816079CE6005107FE /* Release */ = {
			isa = XCBuildConfiguration;
			buildSettings = {
				FRAMEWORK_SEARCH_PATHS = (
					"$(inherited)",
					"\"$(SRCROOT)\"",
				);
				GCC_PRECOMPILE_PREFIX_HEADER = YES;
				GCC_PREFIX_HEADER = "RobotGame/RobotGame-Prefix.pch";
				INFOPLIST_FILE = "RobotGame/RobotGame-Info.plist";
				PRODUCT_NAME = "$(TARGET_NAME)";
				WRAPPER_EXTENSION = app;
			};
			name = Release;
		};
/* End XCBuildConfiguration section */

/* Begin XCConfigurationList section */
		8401153316079CE6005107FE /* Build configuration list for PBXProject "RobotGame" */ = {
			isa = XCConfigurationList;
			buildConfigurations = (
				8401155416079CE6005107FE /* Debug */,
				8401155516079CE6005107FE /* Release */,
			);
			defaultConfigurationIsVisible = 0;
			defaultConfigurationName = Release;
		};
		8401155616079CE6005107FE /* Build configuration list for PBXNativeTarget "RobotGame" */ = {
			isa = XCConfigurationList;
			buildConfigurations = (
				8401155716079CE6005107FE /* Debug */,
				8401155816079CE6005107FE /* Release */,
			);
			defaultConfigurationIsVisible = 0;
			defaultConfigurationName = Release;
		};
/* End XCConfigurationList section */

/* Begin XCVersionGroup section */
		8401155116079CE6005107FE /* RobotGame.xcdatamodeld */ = {
			isa = XCVersionGroup;
			children = (
				8401155216079CE6005107FE /* RobotGame.xcdatamodel */,
			);
			currentVersion = 8401155216079CE6005107FE /* RobotGame.xcdatamodel */;
			path = RobotGame.xcdatamodeld;
			sourceTree = "<group>";
			versionGroupType = wrapper.xcdatamodel;
		};
/* End XCVersionGroup section */
	};
	rootObject = 8401153016079CE6005107FE /* Project object */;
}
